dependencies:
- name: helm-product
  repository: oci://ghcr.io/onecx/charts
  version: 0.4.0
- name: onecx-document-svc
  repository: oci://ghcr.io/onecx/charts
  version: 0.0.0-rc.35
- name: onecx-document-bff
  repository: oci://ghcr.io/onecx/charts
  version: 0.0.0-rc.31
- name: onecx-document-ui
  repository: oci://ghcr.io/onecx/charts
  version: 0.0.0-rc.39
digest: sha256:69f7d1bd51f9d502832bfbe6a10c2983c5d72a7a4c719b4933b54459f20cc4ae
generated: "2026-08-25T09:46:37.273572915Z"
