dependencies:
- name: helm-product
  repository: oci://ghcr.io/onecx/charts
  version: 0.4.0
- name: onecx-document-svc
  repository: oci://ghcr.io/onecx/charts
  version: 0.0.0-rc.37
- name: onecx-document-bff
  repository: oci://ghcr.io/onecx/charts
  version: 0.0.0-rc.34
- name: onecx-document-ui
  repository: oci://ghcr.io/onecx/charts
  version: 0.0.0-rc.45
digest: sha256:5f27fa4dc618f4252786d8970b4511a2a913ad481acf5bae4dc84173b63f0f08
generated: "2026-09-04T13:46:32.110493152Z"
